
Microsoft Visual Studio Solution File, Format Version 12.00
# Visual Studio Version 17
VisualStudioVersion = 17.9.34728.123
MinimumVisualStudioVersion = 10.0.40219.1
Project("{9A19103F-16F7-4668-BE54-9A1E7A4F7556}") = "GenericsClass2", "GenericsClass2\GenericsClass2.csproj", "{30CCFD9C-D7A2-449B-BF40-248753EF8869}"
EndProject
Project("{9A19103F-16F7-4668-BE54-9A1E7A4F7556}") = "Core", "Core\Core.csproj", "{3CEB4A39-19C5-419C-895F-37D9F9756234}"
EndProject
Global
	GlobalSection(SolutionConfigurationPlatforms) = preSolution
		Debug|Any CPU = Debug|Any CPU
		Release|Any CPU = Release|Any CPU
	EndGlobalSection
	GlobalSection(ProjectConfigurationPlatforms) = postSolution
		{30CCFD9C-D7A2-449B-BF40-248753EF8869}.Debug|Any CPU.ActiveCfg = Debug|Any CPU
		{30CCFD9C-D7A2-449B-BF40-248753EF8869}.Debug|Any CPU.Build.0 = Debug|Any CPU
		{30CCFD9C-D7A2-449B-BF40-248753EF8869}.Release|Any CPU.ActiveCfg = Release|Any CPU
		{30CCFD9C-D7A2-449B-BF40-248753EF8869}.Release|Any CPU.Build.0 = Release|Any CPU
		{3CEB4A39-19C5-419C-895F-37D9F9756234}.Debug|Any CPU.ActiveCfg = Debug|Any CPU
		{3CEB4A39-19C5-419C-895F-37D9F9756234}.Debug|Any CPU.Build.0 = Debug|Any CPU
		{3CEB4A39-19C5-419C-895F-37D9F9756234}.Release|Any CPU.ActiveCfg = Release|Any CPU
		{3CEB4A39-19C5-419C-895F-37D9F9756234}.Release|Any CPU.Build.0 = Release|Any CPU
	EndGlobalSection
	GlobalSection(SolutionProperties) = preSolution
		HideSolutionNode = FALSE
	EndGlobalSection
	GlobalSection(ExtensibilityGlobals) = postSolution
		SolutionGuid = {4F6709E9-6811-4E4C-BB12-59B3E7805B50}
	EndGlobalSection
EndGlobal
